
Microsoft Visual Studio Solution File, Format Version 12.00
# Visual Studio Version 16
VisualStudioVersion = 16.0.30503.244
MinimumVisualStudioVersion = 10.0.40219.1
Project("{9A19103F-16F7-4668-BE54-9A1E7A4F7556}") = "Tamus", "Tamus.csproj", "{B10059AE-690B-4754-A8E2-258977C13B3C}"
EndProject
Global
	GlobalSection(SolutionConfigurationPlatforms) = preSolution
		Debug|Any CPU = Debug|Any CPU
		Release|Any CPU = Release|Any CPU
	EndGlobalSection
	GlobalSection(ProjectConfigurationPlatforms) = postSolution
		{B10059AE-690B-4754-A8E2-258977C13B3C}.Debug|Any CPU.ActiveCfg = Debug|Any CPU
		{B10059AE-690B-4754-A8E2-258977C13B3C}.Debug|Any CPU.Build.0 = Debug|Any CPU
		{B10059AE-690B-4754-A8E2-258977C13B3C}.Release|Any CPU.ActiveCfg = Release|Any CPU
		{B10059AE-690B-4754-A8E2-258977C13B3C}.Release|Any CPU.Build.0 = Release|Any CPU
	EndGlobalSection
	GlobalSection(SolutionProperties) = preSolution
		HideSolutionNode = FALSE
	EndGlobalSection
	GlobalSection(ExtensibilityGlobals) = postSolution
		SolutionGuid = {16512E48-CA66-4D2D-AE1C-2CFB4CFDBCEA}
	EndGlobalSection
EndGlobal
